PODS:
  - AFNetworking (4.0.1):
    - AFNetworking/NSURLSession (= 4.0.1)
    - AFNetworking/Reachability (= 4.0.1)
    - AFNetworking/Security (= 4.0.1)
    - AFNetworking/Serialization (= 4.0.1)
    - AFNetworking/UIKit (= 4.0.1)
  - AFNetworking/NSURLSession (4.0.1):
    - AFNetworking/Reachability
    - AFNetworking/Security
    - AFNetworking/Serialization
  - AFNetworking/Reachability (4.0.1)
  - AFNetworking/Security (4.0.1)
  - AFNetworking/Serialization (4.0.1)
  - AFNetworking/UIKit (4.0.1):
    - AFNetworking/NSURLSession
  - BlocksKit (2.2.5):
    - BlocksKit/All (= 2.2.5)
  - BlocksKit/All (2.2.5):
    - BlocksKit/Core
    - BlocksKit/DynamicDelegate
    - BlocksKit/MessageUI
    - BlocksKit/UIKit
  - BlocksKit/Core (2.2.5)
  - BlocksKit/DynamicDelegate (2.2.5)
  - BlocksKit/MessageUI (2.2.5):
    - BlocksKit/Core
    - BlocksKit/DynamicDelegate
  - BlocksKit/UIKit (2.2.5):
    - BlocksKit/Core
    - BlocksKit/DynamicDelegate
  - Bugly (2.5.91)
  - CWStatusBarNotification (2.3.5)
  - Masonry (1.1.0)
  - MBProgressHUD (1.2.0)
  - MJExtension (3.4.1)
  - MJRefresh (3.7.5)
  - MMMaterialDesignSpinner (0.2.5)
  - SDWebImage (5.12.2):
    - SDWebImage/Core (= 5.12.2)
  - SDWebImage/Core (5.12.2)
  - SuperPlayer/Player (3.1.1):
    - AFNetworking
    - Masonry
    - MMMaterialDesignSpinner
    - SDWebImage

DEPENDENCIES:
  - AFNetworking
  - BlocksKit (~> 2.2.5)
  - Bugly
  - CWStatusBarNotification (~> 2.3.5)
  - Masonry
  - MBProgressHUD (~> 1.2.0)
  - MJExtension
  - MJRefresh
  - SDWebImage
  - SuperPlayer/Player (from `./TXLiteAVDemo/SuperPlayerKit/SuperPlayer.podspec`)

SPEC REPOS:
  trunk:
    - AFNetworking
    - BlocksKit
    - Bugly
    - CWStatusBarNotification
    - Masonry
    - MBProgressHUD
    - MJExtension
    - MJRefresh
    - MMMaterialDesignSpinner
    - SDWebImage

EXTERNAL SOURCES:
  SuperPlayer:
    :path: "./TXLiteAVDemo/SuperPlayerKit/SuperPlayer.podspec"

SPEC CHECKSUMS:
  AFNetworking: 7864c38297c79aaca1500c33288e429c3451fdce
  BlocksKit: 7f422b971407001178d181a43b99014ea2591fe6
  Bugly: afe841bba2ea6de6d432a3c125240a5e75949c55
  CWStatusBarNotification: 3d2738b25c3207f60cc50201388d3c96182545ff
  Masonry: 678fab65091a9290e40e2832a55e7ab731aad201
  MBProgressHUD: 3ee5efcc380f6a79a7cc9b363dd669c5e1ae7406
  MJExtension: 21c5f6f8c4d5d8844b7ae8fbae08fed0b501f961
  MJRefresh: fdf5e979eb406a0341468932d1dfc8b7f9fce961
  MMMaterialDesignSpinner: a548042720c2e5f04212048483085d7942ac3e81
  SDWebImage: 240e5c12b592fb1268c1d03b8c90d90e8c2ffe82
  SuperPlayer: 8612005c5a404e922782a6b25ee1da99eda06118

PODFILE CHECKSUM: 1df379d334d15387f79476735627426f004b5aed

COCOAPODS: 1.11.2
